
Microsoft Visual Studio Solution File, Format Version 12.00
# Visual Studio 14
VisualStudioVersion = 14.0.25420.1
MinimumVisualStudioVersion = 10.0.40219.1
Project("{FAE04EC0-301F-11D3-BF4B-00C04F79EFBC}") = "Multitenancy.Main", "Multitenancy.Main\Multitenancy.Main.csproj", "{5DBE139E-456B-41D8-BAE8-2D76A8BD43C4}"
EndProject
Project("{FAE04EC0-301F-11D3-BF4B-00C04F79EFBC}") = "Multitenancy.Repository", "Multitenancy.Repository\Multitenancy.Repository.csproj", "{8BD831A2-CB93-4C16-A7A1-5DAFF8A6F8E9}"
EndProject
Project("{FAE04EC0-301F-11D3-BF4B-00C04F79EFBC}") = "Multitenancy.DataAccess", "Multitenancy.DataAccess\Multitenancy.DataAccess.csproj", "{8AAD7B9B-735C-44BE-888E-3C26C789FF80}"
EndProject
Project("{00D1A9C2-B5F0-4AF3-8072-F6C62B433612}") = "Multitenancy", "Multitenancy\Multitenancy.sqlproj", "{BC1FA4FF-BFA6-442A-9FF3-11AF3DC8C054}"
EndProject
Global
	GlobalSection(SolutionConfigurationPlatforms) = preSolution
		Debug|Any CPU = Debug|Any CPU
		Release|Any CPU = Release|Any CPU
	EndGlobalSection
	GlobalSection(ProjectConfigurationPlatforms) = postSolution
		{5DBE139E-456B-41D8-BAE8-2D76A8BD43C4}.Debug|Any CPU.ActiveCfg = Debug|Any CPU
		{5DBE139E-456B-41D8-BAE8-2D76A8BD43C4}.Debug|Any CPU.Build.0 = Debug|Any CPU
		{5DBE139E-456B-41D8-BAE8-2D76A8BD43C4}.Release|Any CPU.ActiveCfg = Release|Any CPU
		{5DBE139E-456B-41D8-BAE8-2D76A8BD43C4}.Release|Any CPU.Build.0 = Release|Any CPU
		{8BD831A2-CB93-4C16-A7A1-5DAFF8A6F8E9}.Debug|Any CPU.ActiveCfg = Debug|Any CPU
		{8BD831A2-CB93-4C16-A7A1-5DAFF8A6F8E9}.Debug|Any CPU.Build.0 = Debug|Any CPU
		{8BD831A2-CB93-4C16-A7A1-5DAFF8A6F8E9}.Release|Any CPU.ActiveCfg = Release|Any CPU
		{8BD831A2-CB93-4C16-A7A1-5DAFF8A6F8E9}.Release|Any CPU.Build.0 = Release|Any CPU
		{8AAD7B9B-735C-44BE-888E-3C26C789FF80}.Debug|Any CPU.ActiveCfg = Debug|Any CPU
		{8AAD7B9B-735C-44BE-888E-3C26C789FF80}.Debug|Any CPU.Build.0 = Debug|Any CPU
		{8AAD7B9B-735C-44BE-888E-3C26C789FF80}.Release|Any CPU.ActiveCfg = Release|Any CPU
		{8AAD7B9B-735C-44BE-888E-3C26C789FF80}.Release|Any CPU.Build.0 = Release|Any CPU
		{BC1FA4FF-BFA6-442A-9FF3-11AF3DC8C054}.Debug|Any CPU.ActiveCfg = Debug|Any CPU
		{BC1FA4FF-BFA6-442A-9FF3-11AF3DC8C054}.Debug|Any CPU.Build.0 = Debug|Any CPU
		{BC1FA4FF-BFA6-442A-9FF3-11AF3DC8C054}.Debug|Any CPU.Deploy.0 = Debug|Any CPU
		{BC1FA4FF-BFA6-442A-9FF3-11AF3DC8C054}.Release|Any CPU.ActiveCfg = Release|Any CPU
		{BC1FA4FF-BFA6-442A-9FF3-11AF3DC8C054}.Release|Any CPU.Build.0 = Release|Any CPU
		{BC1FA4FF-BFA6-442A-9FF3-11AF3DC8C054}.Release|Any CPU.Deploy.0 = Release|Any CPU
	EndGlobalSection
	GlobalSection(SolutionProperties) = preSolution
		HideSolutionNode = FALSE
	EndGlobalSection
EndGlobal
